
Microsoft Visual Studio Solution File, Format Version 12.00
# Visual Studio Version 17
VisualStudioVersion = 17.9.34622.214
MinimumVisualStudioVersion = 10.0.40219.1
Project("{FAE04EC0-301F-11D3-BF4B-00C04F79EFBC}") = "ConsoleApp1", "ConsoleApp1.csproj", "{2DAA0431-1D11-46AF-8D7C-1B068AB6EA01}"
EndProject
Global
	GlobalSection(SolutionConfigurationPlatforms) = preSolution
		Debug|Any CPU = Debug|Any CPU
		Release|Any CPU = Release|Any CPU
	EndGlobalSection
	GlobalSection(ProjectConfigurationPlatforms) = postSolution
		{2DAA0431-1D11-46AF-8D7C-1B068AB6EA01}.Debug|Any CPU.ActiveCfg = Debug|Any CPU
		{2DAA0431-1D11-46AF-8D7C-1B068AB6EA01}.Debug|Any CPU.Build.0 = Debug|Any CPU
		{2DAA0431-1D11-46AF-8D7C-1B068AB6EA01}.Release|Any CPU.ActiveCfg = Release|Any CPU
		{2DAA0431-1D11-46AF-8D7C-1B068AB6EA01}.Release|Any CPU.Build.0 = Release|Any CPU
	EndGlobalSection
	GlobalSection(SolutionProperties) = preSolution
		HideSolutionNode = FALSE
	EndGlobalSection
	GlobalSection(ExtensibilityGlobals) = postSolution
		SolutionGuid = {5171E01B-0747-441E-A296-BC7B6E2594E6}
	EndGlobalSection
EndGlobal
