
Microsoft Visual Studio Solution File, Format Version 12.00
# Visual Studio Version 17
VisualStudioVersion = 17.7.34031.279
MinimumVisualStudioVersion = 10.0.40219.1
Project("{FAE04EC0-301F-11D3-BF4B-00C04F79EFBC}") = "Example ( for )", "Example ( for )\Example ( for ).csproj", "{FFE3D098-6453-43B2-B044-B59B66792260}"
EndProject
Global
	GlobalSection(SolutionConfigurationPlatforms) = preSolution
		Debug|Any CPU = Debug|Any CPU
		Release|Any CPU = Release|Any CPU
	EndGlobalSection
	GlobalSection(ProjectConfigurationPlatforms) = postSolution
		{FFE3D098-6453-43B2-B044-B59B66792260}.Debug|Any CPU.ActiveCfg = Debug|Any CPU
		{FFE3D098-6453-43B2-B044-B59B66792260}.Debug|Any CPU.Build.0 = Debug|Any CPU
		{FFE3D098-6453-43B2-B044-B59B66792260}.Release|Any CPU.ActiveCfg = Release|Any CPU
		{FFE3D098-6453-43B2-B044-B59B66792260}.Release|Any CPU.Build.0 = Release|Any CPU
	EndGlobalSection
	GlobalSection(SolutionProperties) = preSolution
		HideSolutionNode = FALSE
	EndGlobalSection
	GlobalSection(ExtensibilityGlobals) = postSolution
		SolutionGuid = {CF28CF08-0B63-49EE-93C4-822537FFCA00}
	EndGlobalSection
EndGlobal
