
Microsoft Visual Studio Solution File, Format Version 12.00
# Visual Studio Version 17
VisualStudioVersion = 17.10.34928.147
MinimumVisualStudioVersion = 10.0.40219.1
Project("{FAE04EC0-301F-11D3-BF4B-00C04F79EFBC}") = "Animation (Drawing) - Examination", "Animation (Drawing) - Examination.csproj", "{7551D1A1-E254-4728-AFC9-5E6C1E56FDB6}"
EndProject
Global
	GlobalSection(SolutionConfigurationPlatforms) = preSolution
		Debug|Any CPU = Debug|Any CPU
		Release|Any CPU = Release|Any CPU
	EndGlobalSection
	GlobalSection(ProjectConfigurationPlatforms) = postSolution
		{7551D1A1-E254-4728-AFC9-5E6C1E56FDB6}.Debug|Any CPU.ActiveCfg = Debug|Any CPU
		{7551D1A1-E254-4728-AFC9-5E6C1E56FDB6}.Debug|Any CPU.Build.0 = Debug|Any CPU
		{7551D1A1-E254-4728-AFC9-5E6C1E56FDB6}.Release|Any CPU.ActiveCfg = Release|Any CPU
		{7551D1A1-E254-4728-AFC9-5E6C1E56FDB6}.Release|Any CPU.Build.0 = Release|Any CPU
	EndGlobalSection
	GlobalSection(SolutionProperties) = preSolution
		HideSolutionNode = FALSE
	EndGlobalSection
	GlobalSection(ExtensibilityGlobals) = postSolution
		SolutionGuid = {A0CB6C37-1AE6-4E6F-98D5-CC4E746C6863}
	EndGlobalSection
EndGlobal
